
Microsoft Visual Studio Solution File, Format Version 12.00
# Visual Studio Version 16
VisualStudioVersion = 16.0.30309.148
MinimumVisualStudioVersion = 10.0.40219.1
Project("{FAE04EC0-301F-11D3-BF4B-00C04F79EFBC}") = "2_4_Lab_Maskevich", "2_4_Lab_Maskevich.csproj", "{F1288109-D4F1-481E-8796-DD938AA72090}"
EndProject
Global
	GlobalSection(SolutionConfigurationPlatforms) = preSolution
		Debug|Any CPU = Debug|Any CPU
		Release|Any CPU = Release|Any CPU
	EndGlobalSection
	GlobalSection(ProjectConfigurationPlatforms) = postSolution
		{F1288109-D4F1-481E-8796-DD938AA72090}.Debug|Any CPU.ActiveCfg = Debug|Any CPU
		{F1288109-D4F1-481E-8796-DD938AA72090}.Debug|Any CPU.Build.0 = Debug|Any CPU
		{F1288109-D4F1-481E-8796-DD938AA72090}.Release|Any CPU.ActiveCfg = Release|Any CPU
		{F1288109-D4F1-481E-8796-DD938AA72090}.Release|Any CPU.Build.0 = Release|Any CPU
	EndGlobalSection
	GlobalSection(SolutionProperties) = preSolution
		HideSolutionNode = FALSE
	EndGlobalSection
	GlobalSection(ExtensibilityGlobals) = postSolution
		SolutionGuid = {2F261282-5238-4114-A602-C5A0F01CA4D0}
	EndGlobalSection
EndGlobal
